
Microsoft Visual Studio Solution File, Format Version 12.00
# Visual Studio Version 17
VisualStudioVersion = 17.7.34031.279
MinimumVisualStudioVersion = 10.0.40219.1
Project("{FAE04EC0-301F-11D3-BF4B-00C04F79EFBC}") = "3in1", "3in1\3in1.csproj", "{24990985-8CEE-492C-B22B-CB76EFB6E3D3}"
EndProject
Global
	GlobalSection(SolutionConfigurationPlatforms) = preSolution
		Debug|Any CPU = Debug|Any CPU
		Release|Any CPU = Release|Any CPU
	EndGlobalSection
	GlobalSection(ProjectConfigurationPlatforms) = postSolution
		{24990985-8CEE-492C-B22B-CB76EFB6E3D3}.Debug|Any CPU.ActiveCfg = Debug|Any CPU
		{24990985-8CEE-492C-B22B-CB76EFB6E3D3}.Debug|Any CPU.Build.0 = Debug|Any CPU
		{24990985-8CEE-492C-B22B-CB76EFB6E3D3}.Release|Any CPU.ActiveCfg = Release|Any CPU
		{24990985-8CEE-492C-B22B-CB76EFB6E3D3}.Release|Any CPU.Build.0 = Release|Any CPU
	EndGlobalSection
	GlobalSection(SolutionProperties) = preSolution
		HideSolutionNode = FALSE
	EndGlobalSection
	GlobalSection(ExtensibilityGlobals) = postSolution
		SolutionGuid = {D74D7078-D1AA-4EEC-B12D-6C26D78C4B0D}
	EndGlobalSection
EndGlobal
